
Microsoft Visual Studio Solution File, Format Version 12.00
# Visual Studio Version 17
VisualStudioVersion = 17.0.31903.59
MinimumVisualStudioVersion = 10.0.40219.1
Project("{2150E333-8FDC-42A3-9474-1A3956D46DE8}") = "Common", "Common", "{881589EE-639B-0A35-DBCE-5D94E4FC90C0}"
EndProject
Project("{2150E333-8FDC-42A3-9474-1A3956D46DE8}") = "Bootstrapper", "Bootstrapper", "{5AA1D52C-A872-3A4E-7BA6-5B06A2AE7844}"
EndProject
Project("{2150E333-8FDC-42A3-9474-1A3956D46DE8}") = "HttpAPI", "HttpAPI", "{891828E6-C3AC-F924-71FC-680DF500DE3A}"
EndProject
Project("{FAE04EC0-301F-11D3-BF4B-00C04F79EFBC}") = "HttpAPI.Bootstrapper", "Common\Bootstrapper\HttpAPI\HttpAPI.Bootstrapper.csproj", "{06A7FCC0-8BE6-4122-888A-BB23646CB97B}"
EndProject
Project("{2150E333-8FDC-42A3-9474-1A3956D46DE8}") = "Presentation", "Presentation", "{06CFFD70-14AA-A959-A3BA-1B15D094E3B1}"
EndProject
Project("{FAE04EC0-301F-11D3-BF4B-00C04F79EFBC}") = "HttpAPI", "Presentation\HttpAPI\HttpAPI.csproj", "{0B68331C-51A4-4381-957A-722D407F916B}"
EndProject
Project("{2150E333-8FDC-42A3-9474-1A3956D46DE8}") = "Implementation", "Implementation", "{D596A9B8-B564-04A1-0652-AF983A8D2206}"
EndProject
Project("{FAE04EC0-301F-11D3-BF4B-00C04F79EFBC}") = "Core", "Implementation\Core\Core.csproj", "{11DD4EB9-1576-4136-B8AA-C2F6D0062356}"
EndProject
Project("{FAE04EC0-301F-11D3-BF4B-00C04F79EFBC}") = "Domain", "Implementation\Domain\Domain.csproj", "{D88F5AC1-37B1-4C7C-8C0C-9103BCBBB347}"
EndProject
Project("{FAE04EC0-301F-11D3-BF4B-00C04F79EFBC}") = "Application", "Implementation\Application\Application.csproj", "{20113F84-AC41-4163-B848-5A8A0F7C89A0}"
EndProject
Project("{FAE04EC0-301F-11D3-BF4B-00C04F79EFBC}") = "Infrastructure", "Implementation\Infrastructure\Infrastructure.csproj", "{0E321372-2C69-4CB0-A5F4-3DC0ED823044}"
EndProject
Global
	GlobalSection(SolutionConfigurationPlatforms) = preSolution
		Debug|Any CPU = Debug|Any CPU
		Debug|x64 = Debug|x64
		Debug|x86 = Debug|x86
		Release|Any CPU = Release|Any CPU
		Release|x64 = Release|x64
		Release|x86 = Release|x86
	EndGlobalSection
	GlobalSection(ProjectConfigurationPlatforms) = postSolution
		{06A7FCC0-8BE6-4122-888A-BB23646CB97B}.Debug|Any CPU.ActiveCfg = Debug|Any CPU
		{06A7FCC0-8BE6-4122-888A-BB23646CB97B}.Debug|Any CPU.Build.0 = Debug|Any CPU
		{06A7FCC0-8BE6-4122-888A-BB23646CB97B}.Debug|x64.ActiveCfg = Debug|Any CPU
		{06A7FCC0-8BE6-4122-888A-BB23646CB97B}.Debug|x64.Build.0 = Debug|Any CPU
		{06A7FCC0-8BE6-4122-888A-BB23646CB97B}.Debug|x86.ActiveCfg = Debug|Any CPU
		{06A7FCC0-8BE6-4122-888A-BB23646CB97B}.Debug|x86.Build.0 = Debug|Any CPU
		{06A7FCC0-8BE6-4122-888A-BB23646CB97B}.Release|Any CPU.ActiveCfg = Release|Any CPU
		{06A7FCC0-8BE6-4122-888A-BB23646CB97B}.Release|Any CPU.Build.0 = Release|Any CPU
		{06A7FCC0-8BE6-4122-888A-BB23646CB97B}.Release|x64.ActiveCfg = Release|Any CPU
		{06A7FCC0-8BE6-4122-888A-BB23646CB97B}.Release|x64.Build.0 = Release|Any CPU
		{06A7FCC0-8BE6-4122-888A-BB23646CB97B}.Release|x86.ActiveCfg = Release|Any CPU
		{06A7FCC0-8BE6-4122-888A-BB23646CB97B}.Release|x86.Build.0 = Release|Any CPU
		{0B68331C-51A4-4381-957A-722D407F916B}.Debug|Any CPU.ActiveCfg = Debug|Any CPU
		{0B68331C-51A4-4381-957A-722D407F916B}.Debug|Any CPU.Build.0 = Debug|Any CPU
		{0B68331C-51A4-4381-957A-722D407F916B}.Debug|x64.ActiveCfg = Debug|Any CPU
		{0B68331C-51A4-4381-957A-722D407F916B}.Debug|x64.Build.0 = Debug|Any CPU
		{0B68331C-51A4-4381-957A-722D407F916B}.Debug|x86.ActiveCfg = Debug|Any CPU
		{0B68331C-51A4-4381-957A-722D407F916B}.Debug|x86.Build.0 = Debug|Any CPU
		{0B68331C-51A4-4381-957A-722D407F916B}.Release|Any CPU.ActiveCfg = Release|Any CPU
		{0B68331C-51A4-4381-957A-722D407F916B}.Release|Any CPU.Build.0 = Release|Any CPU
		{0B68331C-51A4-4381-957A-722D407F916B}.Release|x64.ActiveCfg = Release|Any CPU
		{0B68331C-51A4-4381-957A-722D407F916B}.Release|x64.Build.0 = Release|Any CPU
		{0B68331C-51A4-4381-957A-722D407F916B}.Release|x86.ActiveCfg = Release|Any CPU
		{0B68331C-51A4-4381-957A-722D407F916B}.Release|x86.Build.0 = Release|Any CPU
		{11DD4EB9-1576-4136-B8AA-C2F6D0062356}.Debug|Any CPU.ActiveCfg = Debug|Any CPU
		{11DD4EB9-1576-4136-B8AA-C2F6D0062356}.Debug|Any CPU.Build.0 = Debug|Any CPU
		{11DD4EB9-1576-4136-B8AA-C2F6D0062356}.Debug|x64.ActiveCfg = Debug|Any CPU
		{11DD4EB9-1576-4136-B8AA-C2F6D0062356}.Debug|x64.Build.0 = Debug|Any CPU
		{11DD4EB9-1576-4136-B8AA-C2F6D0062356}.Debug|x86.ActiveCfg = Debug|Any CPU
		{11DD4EB9-1576-4136-B8AA-C2F6D0062356}.Debug|x86.Build.0 = Debug|Any CPU
		{11DD4EB9-1576-4136-B8AA-C2F6D0062356}.Release|Any CPU.ActiveCfg = Release|Any CPU
		{11DD4EB9-1576-4136-B8AA-C2F6D0062356}.Release|Any CPU.Build.0 = Release|Any CPU
		{11DD4EB9-1576-4136-B8AA-C2F6D0062356}.Release|x64.ActiveCfg = Release|Any CPU
		{11DD4EB9-1576-4136-B8AA-C2F6D0062356}.Release|x64.Build.0 = Release|Any CPU
		{11DD4EB9-1576-4136-B8AA-C2F6D0062356}.Release|x86.ActiveCfg = Release|Any CPU
		{11DD4EB9-1576-4136-B8AA-C2F6D0062356}.Release|x86.Build.0 = Release|Any CPU
		{D88F5AC1-37B1-4C7C-8C0C-9103BCBBB347}.Debug|Any CPU.ActiveCfg = Debug|Any CPU
		{D88F5AC1-37B1-4C7C-8C0C-9103BCBBB347}.Debug|Any CPU.Build.0 = Debug|Any CPU
		{D88F5AC1-37B1-4C7C-8C0C-9103BCBBB347}.Debug|x64.ActiveCfg = Debug|Any CPU
		{D88F5AC1-37B1-4C7C-8C0C-9103BCBBB347}.Debug|x64.Build.0 = Debug|Any CPU
		{D88F5AC1-37B1-4C7C-8C0C-9103BCBBB347}.Debug|x86.ActiveCfg = Debug|Any CPU
		{D88F5AC1-37B1-4C7C-8C0C-9103BCBBB347}.Debug|x86.Build.0 = Debug|Any CPU
		{D88F5AC1-37B1-4C7C-8C0C-9103BCBBB347}.Release|Any CPU.ActiveCfg = Release|Any CPU
		{D88F5AC1-37B1-4C7C-8C0C-9103BCBBB347}.Release|Any CPU.Build.0 = Release|Any CPU
		{D88F5AC1-37B1-4C7C-8C0C-9103BCBBB347}.Release|x64.ActiveCfg = Release|Any CPU
		{D88F5AC1-37B1-4C7C-8C0C-9103BCBBB347}.Release|x64.Build.0 = Release|Any CPU
		{D88F5AC1-37B1-4C7C-8C0C-9103BCBBB347}.Release|x86.ActiveCfg = Release|Any CPU
		{D88F5AC1-37B1-4C7C-8C0C-9103BCBBB347}.Release|x86.Build.0 = Release|Any CPU
		{20113F84-AC41-4163-B848-5A8A0F7C89A0}.Debug|Any CPU.ActiveCfg = Debug|Any CPU
		{20113F84-AC41-4163-B848-5A8A0F7C89A0}.Debug|Any CPU.Build.0 = Debug|Any CPU
		{20113F84-AC41-4163-B848-5A8A0F7C89A0}.Debug|x64.ActiveCfg = Debug|Any CPU
		{20113F84-AC41-4163-B848-5A8A0F7C89A0}.Debug|x64.Build.0 = Debug|Any CPU
		{20113F84-AC41-4163-B848-5A8A0F7C89A0}.Debug|x86.ActiveCfg = Debug|Any CPU
		{20113F84-AC41-4163-B848-5A8A0F7C89A0}.Debug|x86.Build.0 = Debug|Any CPU
		{20113F84-AC41-4163-B848-5A8A0F7C89A0}.Release|Any CPU.ActiveCfg = Release|Any CPU
		{20113F84-AC41-4163-B848-5A8A0F7C89A0}.Release|Any CPU.Build.0 = Release|Any CPU
		{20113F84-AC41-4163-B848-5A8A0F7C89A0}.Release|x64.ActiveCfg = Release|Any CPU
		{20113F84-AC41-4163-B848-5A8A0F7C89A0}.Release|x64.Build.0 = Release|Any CPU
		{20113F84-AC41-4163-B848-5A8A0F7C89A0}.Release|x86.ActiveCfg = Release|Any CPU
		{20113F84-AC41-4163-B848-5A8A0F7C89A0}.Release|x86.Build.0 = Release|Any CPU
		{0E321372-2C69-4CB0-A5F4-3DC0ED823044}.Debug|Any CPU.ActiveCfg = Debug|Any CPU
		{0E321372-2C69-4CB0-A5F4-3DC0ED823044}.Debug|Any CPU.Build.0 = Debug|Any CPU
		{0E321372-2C69-4CB0-A5F4-3DC0ED823044}.Debug|x64.ActiveCfg = Debug|Any CPU
		{0E321372-2C69-4CB0-A5F4-3DC0ED823044}.Debug|x64.Build.0 = Debug|Any CPU
		{0E321372-2C69-4CB0-A5F4-3DC0ED823044}.Debug|x86.ActiveCfg = Debug|Any CPU
		{0E321372-2C69-4CB0-A5F4-3DC0ED823044}.Debug|x86.Build.0 = Debug|Any CPU
		{0E321372-2C69-4CB0-A5F4-3DC0ED823044}.Release|Any CPU.ActiveCfg = Release|Any CPU
		{0E321372-2C69-4CB0-A5F4-3DC0ED823044}.Release|Any CPU.Build.0 = Release|Any CPU
		{0E321372-2C69-4CB0-A5F4-3DC0ED823044}.Release|x64.ActiveCfg = Release|Any CPU
		{0E321372-2C69-4CB0-A5F4-3DC0ED823044}.Release|x64.Build.0 = Release|Any CPU
		{0E321372-2C69-4CB0-A5F4-3DC0ED823044}.Release|x86.ActiveCfg = Release|Any CPU
		{0E321372-2C69-4CB0-A5F4-3DC0ED823044}.Release|x86.Build.0 = Release|Any CPU
	EndGlobalSection
	GlobalSection(SolutionProperties) = preSolution
		HideSolutionNode = FALSE
	EndGlobalSection
	GlobalSection(NestedProjects) = preSolution
		{5AA1D52C-A872-3A4E-7BA6-5B06A2AE7844} = {881589EE-639B-0A35-DBCE-5D94E4FC90C0}
		{891828E6-C3AC-F924-71FC-680DF500DE3A} = {5AA1D52C-A872-3A4E-7BA6-5B06A2AE7844}
		{06A7FCC0-8BE6-4122-888A-BB23646CB97B} = {891828E6-C3AC-F924-71FC-680DF500DE3A}
		{0B68331C-51A4-4381-957A-722D407F916B} = {06CFFD70-14AA-A959-A3BA-1B15D094E3B1}
		{11DD4EB9-1576-4136-B8AA-C2F6D0062356} = {D596A9B8-B564-04A1-0652-AF983A8D2206}
		{D88F5AC1-37B1-4C7C-8C0C-9103BCBBB347} = {D596A9B8-B564-04A1-0652-AF983A8D2206}
		{20113F84-AC41-4163-B848-5A8A0F7C89A0} = {D596A9B8-B564-04A1-0652-AF983A8D2206}
		{0E321372-2C69-4CB0-A5F4-3DC0ED823044} = {D596A9B8-B564-04A1-0652-AF983A8D2206}
	EndGlobalSection
EndGlobal
